
Microsoft Visual Studio Solution File, Format Version 12.00
# Visual Studio 2012
Project("{FAE04EC0-301F-11D3-BF4B-00C04F79EFBC}") = "MyPage.MVC", "MyPage.MVC\MyPage.MVC.csproj", "{096F4E7A-57BA-42DE-B076-D7779B684411}"
EndProject
Project("{FAE04EC0-301F-11D3-BF4B-00C04F79EFBC}") = "MyPage.MVC.Tests", "MyPage.MVC.Tests\MyPage.MVC.Tests.csproj", "{A479E354-E42D-4249-A10A-36DDB9972894}"
EndProject
Project("{FAE04EC0-301F-11D3-BF4B-00C04F79EFBC}") = "MyPage.Library", "MyPage.Library\MyPage.Library.csproj", "{2393AED1-AA3A-4AF7-85D1-17F674696D82}"
EndProject
Project("{FAE04EC0-301F-11D3-BF4B-00C04F79EFBC}") = "MyPage.Resources", "MyPage.Resources\MyPage.Resources.csproj", "{7E03107C-8D6F-4255-AF62-6894C6A4E4CD}"
EndProject
Project("{FAE04EC0-301F-11D3-BF4B-00C04F79EFBC}") = "MyPage.Data", "MyPage.Data\MyPage.Data.csproj", "{9106E186-C046-4F0A-B97C-4CF20CF69D04}"
EndProject
Project("{FAE04EC0-301F-11D3-BF4B-00C04F79EFBC}") = "MyPage.Domain", "MyPage.Domain\MyPage.Domain.csproj", "{401ED937-050B-4698-A5D4-108CFA3B71C9}"
EndProject
Global
	GlobalSection(SolutionConfigurationPlatforms) = preSolution
		Debug|Any CPU = Debug|Any CPU
		Release|Any CPU = Release|Any CPU
	EndGlobalSection
	GlobalSection(ProjectConfigurationPlatforms) = postSolution
		{096F4E7A-57BA-42DE-B076-D7779B684411}.Debug|Any CPU.ActiveCfg = Debug|Any CPU
		{096F4E7A-57BA-42DE-B076-D7779B684411}.Debug|Any CPU.Build.0 = Debug|Any CPU
		{096F4E7A-57BA-42DE-B076-D7779B684411}.Release|Any CPU.ActiveCfg = Release|Any CPU
		{096F4E7A-57BA-42DE-B076-D7779B684411}.Release|Any CPU.Build.0 = Release|Any CPU
		{A479E354-E42D-4249-A10A-36DDB9972894}.Debug|Any CPU.ActiveCfg = Debug|Any CPU
		{A479E354-E42D-4249-A10A-36DDB9972894}.Debug|Any CPU.Build.0 = Debug|Any CPU
		{A479E354-E42D-4249-A10A-36DDB9972894}.Release|Any CPU.ActiveCfg = Release|Any CPU
		{A479E354-E42D-4249-A10A-36DDB9972894}.Release|Any CPU.Build.0 = Release|Any CPU
		{2393AED1-AA3A-4AF7-85D1-17F674696D82}.Debug|Any CPU.ActiveCfg = Debug|Any CPU
		{2393AED1-AA3A-4AF7-85D1-17F674696D82}.Debug|Any CPU.Build.0 = Debug|Any CPU
		{2393AED1-AA3A-4AF7-85D1-17F674696D82}.Release|Any CPU.ActiveCfg = Release|Any CPU
		{2393AED1-AA3A-4AF7-85D1-17F674696D82}.Release|Any CPU.Build.0 = Release|Any CPU
		{7E03107C-8D6F-4255-AF62-6894C6A4E4CD}.Debug|Any CPU.ActiveCfg = Debug|Any CPU
		{7E03107C-8D6F-4255-AF62-6894C6A4E4CD}.Debug|Any CPU.Build.0 = Debug|Any CPU
		{7E03107C-8D6F-4255-AF62-6894C6A4E4CD}.Release|Any CPU.ActiveCfg = Release|Any CPU
		{7E03107C-8D6F-4255-AF62-6894C6A4E4CD}.Release|Any CPU.Build.0 = Release|Any CPU
		{9106E186-C046-4F0A-B97C-4CF20CF69D04}.Debug|Any CPU.ActiveCfg = Debug|Any CPU
		{9106E186-C046-4F0A-B97C-4CF20CF69D04}.Debug|Any CPU.Build.0 = Debug|Any CPU
		{9106E186-C046-4F0A-B97C-4CF20CF69D04}.Release|Any CPU.ActiveCfg = Release|Any CPU
		{9106E186-C046-4F0A-B97C-4CF20CF69D04}.Release|Any CPU.Build.0 = Release|Any CPU
		{401ED937-050B-4698-A5D4-108CFA3B71C9}.Debug|Any CPU.ActiveCfg = Debug|Any CPU
		{401ED937-050B-4698-A5D4-108CFA3B71C9}.Debug|Any CPU.Build.0 = Debug|Any CPU
		{401ED937-050B-4698-A5D4-108CFA3B71C9}.Release|Any CPU.ActiveCfg = Release|Any CPU
		{401ED937-050B-4698-A5D4-108CFA3B71C9}.Release|Any CPU.Build.0 = Release|Any CPU
	EndGlobalSection
	GlobalSection(SolutionProperties) = preSolution
		HideSolutionNode = FALSE
	EndGlobalSection
EndGlobal
